lockfileVersion: 5.3

specifiers:
  chalk: ^5.0.0
  commander: ^8.3.0
  inquirer: ^8.2.0
  ora: ^6.0.1
  shelljs: ^0.8.5

dependencies:
  chalk: 5.0.0
  commander: 8.3.0
  inquirer: 8.2.0
  ora: 6.0.1
  shelljs: 0.8.5

packages:

  /ansi-escapes/4.3.2:
    resolution: {integrity: sha1-ayKR0dt9mLZSHV8e+kLQ86n+tl4=, tarball: ansi-escapes/download/ansi-escapes-4.3.2.tgz}
    engines: {node: '>=8'}
    dependencies:
      type-fest: 0.21.3
    dev: false

  /ansi-regex/5.0.1:
    resolution: {integrity: sha1-CCyyyJyf6GWaMRpTvWpNxTAdswQ=, tarball: ansi-regex/download/ansi-regex-5.0.1.tgz}
    engines: {node: '>=8'}
    dev: false

  /ansi-regex/6.0.1:
    resolution: {integrity: sha1-MYPjj66aZdfLXlOUXNWJfQJgoGo=, tarball: ansi-regex/download/ansi-regex-6.0.1.tgz}
    engines: {node: '>=12'}
    dev: false

  /ansi-styles/4.3.0:
    resolution: {integrity: sha512-zbB9rCJAT1rbjiVDb2hqKFHNYLxgtk8NURxZ3IZwD3F6NtxbXZQCnnSi1Lkx+IDohdPlFp222wVALIheZJQSEg==, tarball: ansi-styles/download/ansi-styles-4.3.0.tgz}
    engines: {node: '>=8'}
    dependencies:
      color-convert: 2.0.1
    dev: false

  /balanced-match/1.0.2:
    resolution: {integrity: sha1-6D46fj8wCzTLnYf2FfoMvzV2kO4=, tarball: balanced-match/download/balanced-match-1.0.2.tgz}
    dev: false

  /base64-js/1.5.1:
    resolution: {integrity: sha1-GxtEAWClv3rUC2UPCVljSBkDkwo=, tarball: base64-js/download/base64-js-1.5.1.tgz}
    dev: false

  /bl/4.1.0:
    resolution: {integrity: sha1-RRU1JkGCvsL7vIOmKrmM8R2fezo=, tarball: bl/download/bl-4.1.0.tgz}
    dependencies:
      buffer: 5.7.1
      inherits: 2.0.4
      readable-stream: 3.6.0
    dev: false

  /bl/5.0.0:
    resolution: {integrity: sha1-aSiASkHp2pA0ho4cUMqI8h9XrqI=, tarball: bl/download/bl-5.0.0.tgz}
    dependencies:
      buffer: 6.0.3
      inherits: 2.0.4
      readable-stream: 3.6.0
    dev: false

  /brace-expansion/1.1.11:
    resolution: {integrity: sha1-PH/L9SnYcibz0vUrlm/1Jx60Qd0=, tarball: brace-expansion/download/brace-expansion-1.1.11.tgz}
    dependencies:
      balanced-match: 1.0.2
      concat-map: 0.0.1
    dev: false

  /buffer/5.7.1:
    resolution: {integrity: sha512-EHcyIPBQ4BSGlvjB16k5KgAJ27CIsHY/2JBmCRReo48y9rQ3MaUzWX3KVlBa4U7MyX02HdVj0K7C3WaB3ju7FQ==, tarball: buffer/download/buffer-5.7.1.tgz}
    dependencies:
      base64-js: 1.5.1
      ieee754: 1.2.1
    dev: false

  /buffer/6.0.3:
    resolution: {integrity: sha512-FTiCpNxtwiZZHEZbcbTIcZjERVICn9yq/pDFkTl95/AxzD1naBctN7YO68riM/gLSDY7sdrMby8hofADYuuqOA==, tarball: buffer/download/buffer-6.0.3.tgz}
    dependencies:
      base64-js: 1.5.1
      ieee754: 1.2.1
    dev: false

  /chalk/4.1.2:
    resolution: {integrity: sha1-qsTit3NKdAhnrrFr8CqtVWoeegE=, tarball: chalk/download/chalk-4.1.2.tgz}
    engines: {node: '>=10'}
    dependencies:
      ansi-styles: 4.3.0
      supports-color: 7.2.0
    dev: false

  /chalk/5.0.0:
    resolution: {integrity: sha512-/duVOqst+luxCQRKEo4bNxinsOQtMP80ZYm7mMqzuh5PociNL0PvmHFvREJ9ueYL2TxlHjBcmLCdmocx9Vg+IQ==, tarball: chalk/download/chalk-5.0.0.tgz}
    engines: {node: ^12.17.0 || ^14.13 || >=16.0.0}
    dev: false

  /chardet/0.7.0:
    resolution: {integrity: sha1-kAlISfCTfy7twkJdDSip5fDLrZ4=, tarball: chardet/download/chardet-0.7.0.tgz}
    dev: false

  /cli-cursor/3.1.0:
    resolution: {integrity: sha1-JkMFp65JDR0Dvwybp8kl0XU68wc=, tarball: cli-cursor/download/cli-cursor-3.1.0.tgz}
    engines: {node: '>=8'}
    dependencies:
      restore-cursor: 3.1.0
    dev: false

  /cli-cursor/4.0.0:
    resolution: {integrity: sha1-POz+NzS/T+Aqg2HL3A9v4oxqV+o=, tarball: cli-cursor/download/cli-cursor-4.0.0.tgz}
    engines: {node: ^12.20.0 || ^14.13.1 || >=16.0.0}
    dependencies:
      restore-cursor: 4.0.0
    dev: false

  /cli-spinners/2.6.1:
    resolution: {integrity: sha1-rclU6+KBw3pjGb+kAebdJIj/tw0=, tarball: cli-spinners/download/cli-spinners-2.6.1.tgz}
    engines: {node: '>=6'}
    dev: false

  /cli-width/3.0.0:
    resolution: {integrity: sha1-ovSEN6LKqaIkNueUvwceyeYc7fY=, tarball: cli-width/download/cli-width-3.0.0.tgz}
    engines: {node: '>= 10'}
    dev: false

  /clone/1.0.4:
    resolution: {integrity: sha1-2jCcwmPfFZlMaIypAheco8fNfH4=, tarball: clone/download/clone-1.0.4.tgz}
    engines: {node: '>=0.8'}
    dev: false

  /color-convert/2.0.1:
    resolution: {integrity: sha1-ctOmjVmMm9s68q0ehPIdiWq9TeM=, tarball: color-convert/download/color-convert-2.0.1.tgz}
    engines: {node: '>=7.0.0'}
    dependencies:
      color-name: 1.1.4
    dev: false

  /color-name/1.1.4:
    resolution: {integrity: sha1-wqCah6y95pVD3m9j+jmVyCbFNqI=, tarball: color-name/download/color-name-1.1.4.tgz}
    dev: false

  /commander/8.3.0:
    resolution: {integrity: sha512-OkTL9umf+He2DZkUq8f8J9of7yL6RJKI24dVITBmNfZBmri9zYZQrKkuXiKhyfPSu8tUhnVBB1iKXevvnlR4Ww==, tarball: commander/download/commander-8.3.0.tgz}
    engines: {node: '>= 12'}
    dev: false

  /concat-map/0.0.1:
    resolution: {integrity: sha1-2Klr13/Wjfd5OnMDajug1UBdR3s=, tarball: concat-map/download/concat-map-0.0.1.tgz}
    dev: false

  /defaults/1.0.3:
    resolution: {integrity: sha1-xlYFHpgX2f8I7YgUd/P+QBnz730=, tarball: defaults/download/defaults-1.0.3.tgz}
    dependencies:
      clone: 1.0.4
    dev: false

  /emoji-regex/8.0.0:
    resolution: {integrity: sha1-6Bj9ac5cz8tARZT4QpY79TFkzDc=, tarball: emoji-regex/download/emoji-regex-8.0.0.tgz}
    dev: false

  /escape-string-regexp/1.0.5:
    resolution: {integrity: sha1-G2HAViGQqN/2rjuyzwIAyhMLhtQ=, tarball: escape-string-regexp/download/escape-string-regexp-1.0.5.tgz}
    engines: {node: '>=0.8.0'}
    dev: false

  /external-editor/3.1.0:
    resolution: {integrity: sha1-ywP3QL764D6k0oPK7SdBqD8zVJU=, tarball: external-editor/download/external-editor-3.1.0.tgz}
    engines: {node: '>=4'}
    dependencies:
      chardet: 0.7.0
      iconv-lite: 0.4.24
      tmp: 0.0.33
    dev: false

  /figures/3.2.0:
    resolution: {integrity: sha1-YlwYvSk8YE3EqN2y/r8MiDQXRq8=, tarball: figures/download/figures-3.2.0.tgz}
    engines: {node: '>=8'}
    dependencies:
      escape-string-regexp: 1.0.5
    dev: false

  /fs.realpath/1.0.0:
    resolution: {integrity: sha1-FQStJSMVjKpA20onh8sBQRmU6k8=, tarball: fs.realpath/download/fs.realpath-1.0.0.tgz}
    dev: false

  /function-bind/1.1.1:
    resolution: {integrity: sha1-pWiZ0+o8m6uHS7l3O3xe3pL0iV0=, tarball: function-bind/download/function-bind-1.1.1.tgz}
    dev: false

  /glob/7.2.0:
    resolution: {integrity: sha512-lmLf6gtyrPq8tTjSmrO94wBeQbFR3HbLHbuyD69wuyQkImp2hWqMGB47OX65FBkPffO641IP9jWa1z4ivqG26Q==, tarball: glob/download/glob-7.2.0.tgz}
    dependencies:
      fs.realpath: 1.0.0
      inflight: 1.0.6
      inherits: 2.0.4
      minimatch: 3.0.4
      once: 1.4.0
      path-is-absolute: 1.0.1
    dev: false

  /has-flag/4.0.0:
    resolution: {integrity: sha1-lEdx/ZyByBJlxNaUGGDaBrtZR5s=, tarball: has-flag/download/has-flag-4.0.0.tgz}
    engines: {node: '>=8'}
    dev: false

  /has/1.0.3:
    resolution: {integrity: sha1-ci18v8H2qoJB8W3YFOAR4fQeh5Y=, tarball: has/download/has-1.0.3.tgz}
    engines: {node: '>= 0.4.0'}
    dependencies:
      function-bind: 1.1.1
    dev: false

  /iconv-lite/0.4.24:
    resolution: {integrity: sha1-ICK0sl+93CHS9SSXSkdKr+czkIs=, tarball: iconv-lite/download/iconv-lite-0.4.24.tgz}
    engines: {node: '>=0.10.0'}
    dependencies:
      safer-buffer: 2.1.2
    dev: false

  /ieee754/1.2.1:
    resolution: {integrity: sha1-jrehCmP/8l0VpXsAFYbRd9Gw01I=, tarball: ieee754/download/ieee754-1.2.1.tgz}
    dev: false

  /inflight/1.0.6:
    resolution: {integrity: sha1-Sb1jMdfQLQwJvJEKEHW6gWW1bfk=, tarball: inflight/download/inflight-1.0.6.tgz}
    dependencies:
      once: 1.4.0
      wrappy: 1.0.2
    dev: false

  /inherits/2.0.4:
    resolution: {integrity: sha1-D6LGT5MpF8NDOg3tVTY6rjdBa3w=, tarball: inherits/download/inherits-2.0.4.tgz}
    dev: false

  /inquirer/8.2.0:
    resolution: {integrity: sha512-0crLweprevJ02tTuA6ThpoAERAGyVILC4sS74uib58Xf/zSr1/ZWtmm7D5CI+bSQEaA04f0K7idaHpQbSWgiVQ==, tarball: inquirer/download/inquirer-8.2.0.tgz}
    engines: {node: '>=8.0.0'}
    dependencies:
      ansi-escapes: 4.3.2
      chalk: 4.1.2
      cli-cursor: 3.1.0
      cli-width: 3.0.0
      external-editor: 3.1.0
      figures: 3.2.0
      lodash: 4.17.21
      mute-stream: 0.0.8
      ora: 5.4.1
      run-async: 2.4.1
      rxjs: 7.5.2
      string-width: 4.2.3
      strip-ansi: 6.0.1
      through: 2.3.8
    dev: false

  /interpret/1.4.0:
    resolution: {integrity: sha1-Zlq4vE2iendKQFhOgS4+D6RbGh4=, tarball: interpret/download/interpret-1.4.0.tgz}
    engines: {node: '>= 0.10'}
    dev: false

  /is-core-module/2.8.1:
    resolution: {integrity: sha512-SdNCUs284hr40hFTFP6l0IfZ/RSrMXF3qgoRHd3/79unUTvrFO/JoXwkGm+5J/Oe3E/b5GsnG330uUNgRpu1PA==, tarball: is-core-module/download/is-core-module-2.8.1.tgz}
    dependencies:
      has: 1.0.3
    dev: false

  /is-fullwidth-code-point/3.0.0:
    resolution: {integrity: sha1-8Rb4Bk/pCz94RKOJl8C3UFEmnx0=, tarball: is-fullwidth-code-point/download/is-fullwidth-code-point-3.0.0.tgz}
    engines: {node: '>=8'}
    dev: false

  /is-interactive/1.0.0:
    resolution: {integrity: sha1-zqbmrlyHCnsKAAQHC3tYfgJSkS4=, tarball: is-interactive/download/is-interactive-1.0.0.tgz}
    engines: {node: '>=8'}
    dev: false

  /is-interactive/2.0.0:
    resolution: {integrity: sha1-QMV2FFk4JtoRAK3mBZd41ZfxbpA=, tarball: is-interactive/download/is-interactive-2.0.0.tgz}
    engines: {node: '>=12'}
    dev: false

  /is-unicode-supported/0.1.0:
    resolution: {integrity: sha1-PybHaoCVk7Ur+i7LVxDtJ3m1Iqc=, tarball: is-unicode-supported/download/is-unicode-supported-0.1.0.tgz}
    engines: {node: '>=10'}
    dev: false

  /is-unicode-supported/1.1.0:
    resolution: {integrity: sha1-kSe3H5+oL1LKXCDpgue+wO4x7h4=, tarball: is-unicode-supported/download/is-unicode-supported-1.1.0.tgz}
    engines: {node: '>=12'}
    dev: false

  /lodash/4.17.21:
    resolution: {integrity: sha512-v2kDEe57lecTulaDIuNTPy3Ry4gLGJ6Z1O3vE1krgXZNrsQ+LFTGHVxVjcXPs17LhbZVGedAJv8XZ1tvj5FvSg==, tarball: lodash/download/lodash-4.17.21.tgz}
    dev: false

  /log-symbols/4.1.0:
    resolution: {integrity: sha1-P727lbRoOsn8eFER55LlWNSr1QM=, tarball: log-symbols/download/log-symbols-4.1.0.tgz}
    engines: {node: '>=10'}
    dependencies:
      chalk: 4.1.2
      is-unicode-supported: 0.1.0
    dev: false

  /log-symbols/5.1.0:
    resolution: {integrity: sha512-l0x2DvrW294C9uDCoQe1VSU4gf529FkSZ6leBl4TiqZH/e+0R7hSfHQBNut2mNygDgHwvYHfFLn6Oxb3VWj2rA==, tarball: log-symbols/download/log-symbols-5.1.0.tgz}
    engines: {node: '>=12'}
    dependencies:
      chalk: 5.0.0
      is-unicode-supported: 1.1.0
    dev: false

  /mimic-fn/2.1.0:
    resolution: {integrity: sha1-ftLCzMyvhNP/y3pptXcR/CCDQBs=, tarball: mimic-fn/download/mimic-fn-2.1.0.tgz}
    engines: {node: '>=6'}
    dev: false

  /minimatch/3.0.4:
    resolution: {integrity: sha1-UWbihkV/AzBgZL5Ul+jbsMPTIIM=, tarball: minimatch/download/minimatch-3.0.4.tgz}
    dependencies:
      brace-expansion: 1.1.11
    dev: false

  /mute-stream/0.0.8:
    resolution: {integrity: sha1-FjDEKyJR/4HiooPelqVJfqkuXg0=, tarball: mute-stream/download/mute-stream-0.0.8.tgz}
    dev: false

  /once/1.4.0:
    resolution: {integrity: sha1-WDsap3WWHUsROsF9nFC6753Xa9E=, tarball: once/download/once-1.4.0.tgz}
    dependencies:
      wrappy: 1.0.2
    dev: false

  /onetime/5.1.2:
    resolution: {integrity: sha1-0Oluu1awdHbfHdnEgG5SN5hcpF4=, tarball: onetime/download/onetime-5.1.2.tgz}
    engines: {node: '>=6'}
    dependencies:
      mimic-fn: 2.1.0
    dev: false

  /ora/5.4.1:
    resolution: {integrity: sha1-GyZ4Qmr0rEpQkAjl5KyemVnbnhg=, tarball: ora/download/ora-5.4.1.tgz}
    engines: {node: '>=10'}
    dependencies:
      bl: 4.1.0
      chalk: 4.1.2
      cli-cursor: 3.1.0
      cli-spinners: 2.6.1
      is-interactive: 1.0.0
      is-unicode-supported: 0.1.0
      log-symbols: 4.1.0
      strip-ansi: 6.0.1
      wcwidth: 1.0.1
    dev: false

  /ora/6.0.1:
    resolution: {integrity: sha1-aMqp/WxIWkDW9GxQo5QPo9+Zx/M=, tarball: ora/download/ora-6.0.1.tgz}
    engines: {node: ^12.20.0 || ^14.13.1 || >=16.0.0}
    dependencies:
      bl: 5.0.0
      chalk: 4.1.2
      cli-cursor: 4.0.0
      cli-spinners: 2.6.1
      is-interactive: 2.0.0
      is-unicode-supported: 1.1.0
      log-symbols: 5.1.0
      strip-ansi: 7.0.1
      wcwidth: 1.0.1
    dev: false

  /os-tmpdir/1.0.2:
    resolution: {integrity: sha1-u+Z0BseaqFxc/sdm/lc0VV36EnQ=, tarball: os-tmpdir/download/os-tmpdir-1.0.2.tgz}
    engines: {node: '>=0.10.0'}
    dev: false

  /path-is-absolute/1.0.1:
    resolution: {integrity: sha1-F0uSaHNVNP+8es5r9TpanhtcX18=, tarball: path-is-absolute/download/path-is-absolute-1.0.1.tgz}
    engines: {node: '>=0.10.0'}
    dev: false

  /path-parse/1.0.7:
    resolution: {integrity: sha1-+8EUtgykKzDZ2vWFjkvWi77bZzU=, tarball: path-parse/download/path-parse-1.0.7.tgz}
    dev: false

  /readable-stream/3.6.0:
    resolution: {integrity: sha1-M3u9o63AcGvT4CRCaihtS0sskZg=, tarball: readable-stream/download/readable-stream-3.6.0.tgz}
    engines: {node: '>= 6'}
    dependencies:
      inherits: 2.0.4
      string_decoder: 1.3.0
      util-deprecate: 1.0.2
    dev: false

  /rechoir/0.6.2:
    resolution: {integrity: sha1-hSBLVNuoLVdC4oyWdW70OvUOM4Q=, tarball: rechoir/download/rechoir-0.6.2.tgz}
    engines: {node: '>= 0.10'}
    dependencies:
      resolve: 1.21.0
    dev: false

  /resolve/1.21.0:
    resolution: {integrity: sha512-3wCbTpk5WJlyE4mSOtDLhqQmGFi0/TD9VPwmiolnk8U0wRgMEktqCXd3vy5buTO3tljvalNvKrjHEfrd2WpEKA==, tarball: resolve/download/resolve-1.21.0.tgz}
    hasBin: true
    dependencies:
      is-core-module: 2.8.1
      path-parse: 1.0.7
      supports-preserve-symlinks-flag: 1.0.0
    dev: false

  /restore-cursor/3.1.0:
    resolution: {integrity: sha1-OfZ8VLOnpYzqUjbZXPADQjljH34=, tarball: restore-cursor/download/restore-cursor-3.1.0.tgz}
    engines: {node: '>=8'}
    dependencies:
      onetime: 5.1.2
      signal-exit: 3.0.6
    dev: false

  /restore-cursor/4.0.0:
    resolution: {integrity: sha1-UZVgpDGJdQlt725gnUQQDtqkzLk=, tarball: restore-cursor/download/restore-cursor-4.0.0.tgz}
    engines: {node: ^12.20.0 || ^14.13.1 || >=16.0.0}
    dependencies:
      onetime: 5.1.2
      signal-exit: 3.0.6
    dev: false

  /run-async/2.4.1:
    resolution: {integrity: sha1-hEDsz5nqPnC9QJ1JqriOEMGJpFU=, tarball: run-async/download/run-async-2.4.1.tgz}
    engines: {node: '>=0.12.0'}
    dev: false

  /rxjs/7.5.2:
    resolution: {integrity: sha512-PwDt186XaL3QN5qXj/H9DGyHhP3/RYYgZZwqBv9Tv8rsAaiwFH1IsJJlcgD37J7UW5a6O67qX0KWKS3/pu0m4w==, tarball: rxjs/download/rxjs-7.5.2.tgz}
    dependencies:
      tslib: 2.3.1
    dev: false

  /safe-buffer/5.2.1:
    resolution: {integrity: sha1-Hq+fqb2x/dTsdfWPnNtOa3gn7sY=, tarball: safe-buffer/download/safe-buffer-5.2.1.tgz}
    dev: false

  /safer-buffer/2.1.2:
    resolution: {integrity: sha1-RPoWGwGHuVSd2Eu5GAL5vYOFzWo=, tarball: safer-buffer/download/safer-buffer-2.1.2.tgz}
    dev: false

  /shelljs/0.8.5:
    resolution: {integrity: sha512-TiwcRcrkhHvbrZbnRcFYMLl30Dfov3HKqzp5tO5b4pt6G/SezKcYhmDg15zXVBswHmctSAQKznqNW2LO5tTDow==, tarball: shelljs/download/shelljs-0.8.5.tgz}
    engines: {node: '>=4'}
    hasBin: true
    dependencies:
      glob: 7.2.0
      interpret: 1.4.0
      rechoir: 0.6.2
    dev: false

  /signal-exit/3.0.6:
    resolution: {integrity: sha512-sDl4qMFpijcGw22U5w63KmD3cZJfBuFlVNbVMKje2keoKML7X2UzWbc4XrmEbDwg0NXJc3yv4/ox7b+JWb57kQ==, tarball: signal-exit/download/signal-exit-3.0.6.tgz?cache=0&sync_timestamp=1637292968320&other_urls=https%3A%2F%2Fregistry.npmmirror.com%2Fsignal-exit%2Fdownload%2Fsignal-exit-3.0.6.tgz}
    dev: false

  /string-width/4.2.3:
    resolution: {integrity: sha1-JpxxF9J7Ba0uU2gwqOyJXvnG0BA=, tarball: string-width/download/string-width-4.2.3.tgz}
    engines: {node: '>=8'}
    dependencies:
      emoji-regex: 8.0.0
      is-fullwidth-code-point: 3.0.0
      strip-ansi: 6.0.1
    dev: false

  /string_decoder/1.3.0:
    resolution: {integrity: sha1-QvEUWUpGzxqOMLCoT1bHjD7awh4=, tarball: string_decoder/download/string_decoder-1.3.0.tgz}
    dependencies:
      safe-buffer: 5.2.1
    dev: false

  /strip-ansi/6.0.1:
    resolution: {integrity: sha1-nibGPTD1NEPpSJSVshBdN7Z6hdk=, tarball: strip-ansi/download/strip-ansi-6.0.1.tgz?cache=0&sync_timestamp=1632822728166&other_urls=https%3A%2F%2Fregistry.npmmirror.com%2Fstrip-ansi%2Fdownload%2Fstrip-ansi-6.0.1.tgz}
    engines: {node: '>=8'}
    dependencies:
      ansi-regex: 5.0.1
    dev: false

  /strip-ansi/7.0.1:
    resolution: {integrity: sha1-YXQKCM42th5Q5lZT8HBg0ACXX7I=, tarball: strip-ansi/download/strip-ansi-7.0.1.tgz?cache=0&sync_timestamp=1632822728166&other_urls=https%3A%2F%2Fregistry.npmmirror.com%2Fstrip-ansi%2Fdownload%2Fstrip-ansi-7.0.1.tgz}
    engines: {node: '>=12'}
    dependencies:
      ansi-regex: 6.0.1
    dev: false

  /supports-color/7.2.0:
    resolution: {integrity: sha1-G33NyzK4E4gBs+R4umpRyqiWSNo=, tarball: supports-color/download/supports-color-7.2.0.tgz}
    engines: {node: '>=8'}
    dependencies:
      has-flag: 4.0.0
    dev: false

  /supports-preserve-symlinks-flag/1.0.0:
    resolution: {integrity: sha512-ot0WnXS9fgdkgIcePe6RHNk1WA8+muPa6cSjeR3V8K27q9BB1rTE3R1p7Hv0z1ZyAc8s6Vvv8DIyWf681MAt0w==, tarball: supports-preserve-symlinks-flag/download/supports-preserve-symlinks-flag-1.0.0.tgz}
    engines: {node: '>= 0.4'}
    dev: false

  /through/2.3.8:
    resolution: {integrity: sha1-DdTJ/6q8NXlgsbckEV1+Doai4fU=, tarball: through/download/through-2.3.8.tgz?cache=0&sync_timestamp=1632822694437&other_urls=https%3A%2F%2Fregistry.npmmirror.com%2Fthrough%2Fdownload%2Fthrough-2.3.8.tgz}
    dev: false

  /tmp/0.0.33:
    resolution: {integrity: sha1-bTQzWIl2jSGyvNoKonfO07G/rfk=, tarball: tmp/download/tmp-0.0.33.tgz}
    engines: {node: '>=0.6.0'}
    dependencies:
      os-tmpdir: 1.0.2
    dev: false

  /tslib/2.3.1:
    resolution: {integrity: sha512-77EbyPPpMz+FRFRuAFlWMtmgUWGe9UOG2Z25NqCwiIjRhOf5iKGuzSe5P2w1laq+FkRy4p+PCuVkJSGkzTEKVw==, tarball: tslib/download/tslib-2.3.1.tgz}
    dev: false

  /type-fest/0.21.3:
    resolution: {integrity: sha1-0mCiSwGYQ24TP6JqUkptZfo7Ljc=, tarball: type-fest/download/type-fest-0.21.3.tgz}
    engines: {node: '>=10'}
    dev: false

  /util-deprecate/1.0.2:
    resolution: {integrity: sha1-RQ1Nyfpw3nMnYvvS1KKJgUGaDM8=, tarball: util-deprecate/download/util-deprecate-1.0.2.tgz}
    dev: false

  /wcwidth/1.0.1:
    resolution: {integrity: sha1-8LDc+RW8X/FSivrbLA4XtTLaL+g=, tarball: wcwidth/download/wcwidth-1.0.1.tgz}
    dependencies:
      defaults: 1.0.3
    dev: false

  /wrappy/1.0.2:
    resolution: {integrity: sha1-tSQ9jz7BqjXxNkYFvA0QNuMKtp8=, tarball: wrappy/download/wrappy-1.0.2.tgz}
    dev: false
